github.com/gempir/go-twitch-irc/v2 v2.8.0 h1:RtPoU9F0+AUkZ2Z3aity14nfaoVHwUh2UrAZ1UlQmEQ=
github.com/gempir/go-twitch-irc/v2 v2.8.0/go.mod h1:120d2SdlRYg8tRnZwsyNPeS+mWPn+YmNEzB7Bv/CDGE=
github.com/joho/godotenv v1.4.0 h1:3l4+N6zfMWnkbPEXKng2o2/MR5mSwTrBih4ZEkkz1lg=
github.com/joho/godotenv v1.4.0/go.mod h1:f4LDr5Voq0i2e/R5DDNOoa2zzDfwtkZa6DnEwAbqwq4=
